// !$*UTF8*$!
{
	archiveVersion = 1;
	classes = {
	};
	objectVersion = 50;
	objects = {

/* Begin PBXBuildFile section */
		27600713265D74F6007E6413 /* SimpleCardsApp.swift in Sources */ = {isa = PBXBuildFile; fileRef = 27600712265D74F6007E6413 /* SimpleCardsApp.swift */; };
		27600715265D74F6007E6413 /* ContentView.swift in Sources */ = {isa = PBXBuildFile; fileRef = 27600714265D74F6007E6413 /* ContentView.swift */; };
		27600717265D74F9007E6413 /* Assets.xcassets in Resources */ = {isa = PBXBuildFile; fileRef = 27600716265D74F9007E6413 /* Assets.xcassets */; };
		2760071A265D74F9007E6413 /* Preview Assets.xcassets in Resources */ = {isa = PBXBuildFile; fileRef = 27600719265D74F9007E6413 /* Preview Assets.xcassets */; };
		2760072A265D773C007E6413 /* CardView.swift in Sources */ = {isa = PBXBuildFile; fileRef = 27600729265D773C007E6413 /* CardView.swift */; };
		2760072D265D80C2007E6413 /* CardModel.swift in Sources */ = {isa = PBXBuildFile; fileRef = 2760072C265D80C2007E6413 /* CardModel.swift */; };
		27600730265D816E007E6413 /* CardData.swift in Sources */ = {isa = PBXBuildFile; fileRef = 2760072F265D816E007E6413 /* CardData.swift */; };
		27600733265D852D007E6413 /* PlaySound.swift in Sources */ = {isa = PBXBuildFile; fileRef = 27600732265D852D007E6413 /* PlaySound.swift */; };
		2760074D265D98E6007E6413 /* Stickers.xcassets in Resources */ = {isa = PBXBuildFile; fileRef = 2760074C265D98E6007E6413 /* Stickers.xcassets */; };
		27600751265D98E6007E6413 /* stickers.appex in Embed App Extensions */ = {isa = PBXBuildFile; fileRef = 2760074A265D98E2007E6413 /* stickers.appex */; settings = {ATTRIBUTES = (RemoveHeadersOnCopy, ); }; };
/* End PBXBuildFile section */

/* Begin PBXContainerItemProxy section */
		2760074F265D98E6007E6413 /* PBXContainerItemProxy */ = {
			isa = PBXContainerItemProxy;
			containerPortal = 27600707265D74F6007E6413 /* Project object */;
			proxyType = 1;
			remoteGlobalIDString = 27600749265D98E2007E6413;
			remoteInfo = stickers;
		};
/* End PBXContainerItemProxy section */

/* Begin PBXCopyFilesBuildPhase section */
		27600742265D985B007E6413 /* Embed App Extensions */ = {
			isa = PBXCopyFilesBuildPhase;
			buildActionMask = 2147483647;
			dstPath = "";
			dstSubfolderSpec = 13;
			files = (
				27600751265D98E6007E6413 /* stickers.appex in Embed App Extensions */,
			);
			name = "Embed App Extensions";
			runOnlyForDeploymentPostprocessing = 0;
		};
/* End PBXCopyFilesBuildPhase section */

/* Begin PBXFileReference section */
		2760070F265D74F6007E6413 /* SimpleCards.app */ = {isa = PBXFileReference; explicitFileType = wrapper.application; includeInIndex = 0; path = SimpleCards.app; sourceTree = BUILT_PRODUCTS_DIR; };
		27600712265D74F6007E6413 /* SimpleCardsApp.swift */ = {isa = PBXFileReference; lastKnownFileType = sourcecode.swift; path = SimpleCardsApp.swift; sourceTree = "<group>"; };
		27600714265D74F6007E6413 /* ContentView.swift */ = {isa = PBXFileReference; lastKnownFileType = sourcecode.swift; path = ContentView.swift; sourceTree = "<group>"; };
		27600716265D74F9007E6413 /* Assets.xcassets */ = {isa = PBXFileReference; lastKnownFileType = folder.assetcatalog; path = Assets.xcassets; sourceTree = "<group>"; };
		27600719265D74F9007E6413 /* Preview Assets.xcassets */ = {isa = PBXFileReference; lastKnownFileType = folder.assetcatalog; path = "Preview Assets.xcassets"; sourceTree = "<group>"; };
		2760071B265D74F9007E6413 /* Info.plist */ = {isa = PBXFileReference; lastKnownFileType = text.plist.xml; path = Info.plist; sourceTree = "<group>"; };
		27600725265D7670007E6413 /* sound-chime.mp3 */ = {isa = PBXFileReference; lastKnownFileType = audio.mp3; path = "sound-chime.mp3"; sourceTree = "<group>"; };
		27600729265D773C007E6413 /* CardView.swift */ = {isa = PBXFileReference; lastKnownFileType = sourcecode.swift; path = CardView.swift; sourceTree = "<group>"; };
		2760072C265D80C2007E6413 /* CardModel.swift */ = {isa = PBXFileReference; lastKnownFileType = sourcecode.swift; path = CardModel.swift; sourceTree = "<group>"; };
		2760072F265D816E007E6413 /* CardData.swift */ = {isa = PBXFileReference; lastKnownFileType = sourcecode.swift; path = CardData.swift; sourceTree = "<group>"; };
		27600732265D852D007E6413 /* PlaySound.swift */ = {isa = PBXFileReference; lastKnownFileType = sourcecode.swift; path = PlaySound.swift; sourceTree = "<group>"; };
		27600739265D985B007E6413 /* Stickers.xcassets */ = {isa = PBXFileReference; lastKnownFileType = folder.assetcatalog; path = Stickers.xcassets; sourceTree = "<group>"; };
		2760073B265D985B007E6413 /* Info.plist */ = {isa = PBXFileReference; lastKnownFileType = text.plist.xml; path = Info.plist; sourceTree = "<group>"; };
		2760074A265D98E2007E6413 /* stickers.appex */ = {isa = PBXFileReference; explicitFileType = "wrapper.app-extension"; includeInIndex = 0; path = stickers.appex; sourceTree = BUILT_PRODUCTS_DIR; };
		2760074C265D98E6007E6413 /* Stickers.xcassets */ = {isa = PBXFileReference; lastKnownFileType = folder.assetcatalog; path = Stickers.xcassets; sourceTree = "<group>"; };
		2760074E265D98E6007E6413 /* Info.plist */ = {isa = PBXFileReference; lastKnownFileType = text.plist.xml; path = Info.plist; sourceTree = "<group>"; };
/* End PBXFileReference section */

/* Begin PBXFrameworksBuildPhase section */
		2760070C265D74F6007E6413 /* Frameworks */ = {
			isa = PBXFrameworksBuildPhase;
			buildActionMask = 2147483647;
			files = (
			);
			runOnlyForDeploymentPostprocessing = 0;
		};
/* End PBXFrameworksBuildPhase section */

/* Begin PBXGroup section */
		27600706265D74F6007E6413 = {
			isa = PBXGroup;
			children = (
				27600711265D74F6007E6413 /* SimpleCards */,
				27600738265D9857007E6413 /* SimpleCardsStickers */,
				2760074B265D98E2007E6413 /* stickers */,
				27600710265D74F6007E6413 /* Products */,
			);
			sourceTree = "<group>";
		};
		27600710265D74F6007E6413 /* Products */ = {
			isa = PBXGroup;
			children = (
				2760070F265D74F6007E6413 /* SimpleCards.app */,
				2760074A265D98E2007E6413 /* stickers.appex */,
			);
			name = Products;
			sourceTree = "<group>";
		};
		27600711265D74F6007E6413 /* SimpleCards */ = {
			isa = PBXGroup;
			children = (
				27600712265D74F6007E6413 /* SimpleCardsApp.swift */,
				27600714265D74F6007E6413 /* ContentView.swift */,
				27600716265D74F9007E6413 /* Assets.xcassets */,
				27600728265D7677007E6413 /* Sound */,
				2760071B265D74F9007E6413 /* Info.plist */,
				27600718265D74F9007E6413 /* Preview Content */,
				27600729265D773C007E6413 /* CardView.swift */,
				2760072C265D80C2007E6413 /* CardModel.swift */,
				2760072F265D816E007E6413 /* CardData.swift */,
				27600732265D852D007E6413 /* PlaySound.swift */,
			);
			path = SimpleCards;
			sourceTree = "<group>";
		};
		27600718265D74F9007E6413 /* Preview Content */ = {
			isa = PBXGroup;
			children = (
				27600719265D74F9007E6413 /* Preview Assets.xcassets */,
			);
			path = "Preview Content";
			sourceTree = "<group>";
		};
		27600728265D7677007E6413 /* Sound */ = {
			isa = PBXGroup;
			children = (
				27600725265D7670007E6413 /* sound-chime.mp3 */,
			);
			path = Sound;
			sourceTree = "<group>";
		};
		27600738265D9857007E6413 /* SimpleCardsStickers */ = {
			isa = PBXGroup;
			children = (
				27600739265D985B007E6413 /* Stickers.xcassets */,
				2760073B265D985B007E6413 /* Info.plist */,
			);
			path = SimpleCardsStickers;
			sourceTree = "<group>";
		};
		2760074B265D98E2007E6413 /* stickers */ = {
			isa = PBXGroup;
			children = (
				2760074C265D98E6007E6413 /* Stickers.xcassets */,
				2760074E265D98E6007E6413 /* Info.plist */,
			);
			path = stickers;
			sourceTree = "<group>";
		};
/* End PBXGroup section */

/* Begin PBXNativeTarget section */
		2760070E265D74F6007E6413 /* SimpleCards */ = {
			isa = PBXNativeTarget;
			buildConfigurationList = 2760071E265D74F9007E6413 /* Build configuration list for PBXNativeTarget "SimpleCards" */;
			buildPhases = (
				2760070B265D74F6007E6413 /* Sources */,
				2760070C265D74F6007E6413 /* Frameworks */,
				2760070D265D74F6007E6413 /* Resources */,
				27600742265D985B007E6413 /* Embed App Extensions */,
			);
			buildRules = (
			);
			dependencies = (
				27600750265D98E6007E6413 /* PBXTargetDependency */,
			);
			name = SimpleCards;
			productName = SimpleCards;
			productReference = 2760070F265D74F6007E6413 /* SimpleCards.app */;
			productType = "com.apple.product-type.application";
		};
		27600749265D98E2007E6413 /* stickers */ = {
			isa = PBXNativeTarget;
			buildConfigurationList = 27600752265D98E6007E6413 /* Build configuration list for PBXNativeTarget "stickers" */;
			buildPhases = (
				27600748265D98E2007E6413 /* Resources */,
			);
			buildRules = (
			);
			dependencies = (
			);
			name = stickers;
			productName = stickers;
			productReference = 2760074A265D98E2007E6413 /* stickers.appex */;
			productType = "com.apple.product-type.app-extension.messages-sticker-pack";
		};
/* End PBXNativeTarget section */

/* Begin PBXProject section */
		27600707265D74F6007E6413 /* Project object */ = {
			isa = PBXProject;
			attributes = {
				LastSwiftUpdateCheck = 1240;
				LastUpgradeCheck = 1240;
				TargetAttributes = {
					2760070E265D74F6007E6413 = {
						CreatedOnToolsVersion = 12.4;
					};
					27600749265D98E2007E6413 = {
						CreatedOnToolsVersion = 12.4;
					};
				};
			};
			buildConfigurationList = 2760070A265D74F6007E6413 /* Build configuration list for PBXProject "SimpleCards" */;
			compatibilityVersion = "Xcode 9.3";
			developmentRegion = en;
			hasScannedForEncodings = 0;
			knownRegions = (
				en,
				Base,
			);
			mainGroup = 27600706265D74F6007E6413;
			productRefGroup = 27600710265D74F6007E6413 /* Products */;
			projectDirPath = "";
			projectRoot = "";
			targets = (
				2760070E265D74F6007E6413 /* SimpleCards */,
				27600749265D98E2007E6413 /* stickers */,
			);
		};
/* End PBXProject section */

/* Begin PBXResourcesBuildPhase section */
		2760070D265D74F6007E6413 /* Resources */ = {
			isa = PBXResourcesBuildPhase;
			buildActionMask = 2147483647;
			files = (
				2760071A265D74F9007E6413 /* Preview Assets.xcassets in Resources */,
				27600717265D74F9007E6413 /* Assets.xcassets in Resources */,
			);
			runOnlyForDeploymentPostprocessing = 0;
		};
		27600748265D98E2007E6413 /* Resources */ = {
			isa = PBXResourcesBuildPhase;
			buildActionMask = 2147483647;
			files = (
				2760074D265D98E6007E6413 /* Stickers.xcassets in Resources */,
			);
			runOnlyForDeploymentPostprocessing = 0;
		};
/* End PBXResourcesBuildPhase section */

/* Begin PBXSourcesBuildPhase section */
		2760070B265D74F6007E6413 /* Sources */ = {
			isa = PBXSourcesBuildPhase;
			buildActionMask = 2147483647;
			files = (
				27600730265D816E007E6413 /* CardData.swift in Sources */,
				27600733265D852D007E6413 /* PlaySound.swift in Sources */,
				27600715265D74F6007E6413 /* ContentView.swift in Sources */,
				2760072D265D80C2007E6413 /* CardModel.swift in Sources */,
				2760072A265D773C007E6413 /* CardView.swift in Sources */,
				27600713265D74F6007E6413 /* SimpleCardsApp.swift in Sources */,
			);
			runOnlyForDeploymentPostprocessing = 0;
		};
/* End PBXSourcesBuildPhase section */

/* Begin PBXTargetDependency section */
		27600750265D98E6007E6413 /* PBXTargetDependency */ = {
			isa = PBXTargetDependency;
			target = 27600749265D98E2007E6413 /* stickers */;
			targetProxy = 2760074F265D98E6007E6413 /* PBXContainerItemProxy */;
		};
/* End PBXTargetDependency section */

/* Begin XCBuildConfiguration section */
		2760071C265D74F9007E6413 /* Debug */ = {
			isa = XCBuildConfiguration;
			buildSettings = {
				ALWAYS_SEARCH_USER_PATHS = NO;
				CLANG_ANALYZER_NONNULL = YES;
				CLANG_ANALYZER_NUMBER_OBJECT_CONVERSION = YES_AGGRESSIVE;
				CLANG_CXX_LANGUAGE_STANDARD = "gnu++14";
				CLANG_CXX_LIBRARY = "libc++";
				CLANG_ENABLE_MODULES = YES;
				CLANG_ENABLE_OBJC_ARC = YES;
				CLANG_ENABLE_OBJC_WEAK = YES;
				CLANG_WARN_BLOCK_CAPTURE_AUTORELEASING = YES;
				CLANG_WARN_BOOL_CONVERSION = YES;
				CLANG_WARN_COMMA = YES;
				CLANG_WARN_CONSTANT_CONVERSION = YES;
				CLANG_WARN_DEPRECATED_OBJC_IMPLEMENTATIONS = YES;
				CLANG_WARN_DIRECT_OBJC_ISA_USAGE = YES_ERROR;
				CLANG_WARN_DOCUMENTATION_COMMENTS = YES;
				CLANG_WARN_EMPTY_BODY = YES;
				CLANG_WARN_ENUM_CONVERSION = YES;
				CLANG_WARN_INFINITE_RECURSION = YES;
				CLANG_WARN_INT_CONVERSION = YES;
				CLANG_WARN_NON_LITERAL_NULL_CONVERSION = YES;
				CLANG_WARN_OBJC_IMPLICIT_RETAIN_SELF = YES;
				CLANG_WARN_OBJC_LITERAL_CONVERSION = YES;
				CLANG_WARN_OBJC_ROOT_CLASS = YES_ERROR;
				CLANG_WARN_QUOTED_INCLUDE_IN_FRAMEWORK_HEADER = YES;
				CLANG_WARN_RANGE_LOOP_ANALYSIS = YES;
				CLANG_WARN_STRICT_PROTOTYPES = YES;
				CLANG_WARN_SUSPICIOUS_MOVE = YES;
				CLANG_WARN_UNGUARDED_AVAILABILITY = YES_AGGRESSIVE;
				CLANG_WARN_UNREACHABLE_CODE = YES;
				CLANG_WARN__DUPLICATE_METHOD_MATCH = YES;
				COPY_PHASE_STRIP = NO;
				DEBUG_INFORMATION_FORMAT = dwarf;
				ENABLE_STRICT_OBJC_MSGSEND = YES;
				ENABLE_TESTABILITY = YES;
				GCC_C_LANGUAGE_STANDARD = gnu11;
				GCC_DYNAMIC_NO_PIC = NO;
				GCC_NO_COMMON_BLOCKS = YES;
				GCC_OPTIMIZATION_LEVEL = 0;
				GCC_PREPROCESSOR_DEFINITIONS = (
					"DEBUG=1",
					"$(inherited)",
				);
				GCC_WARN_64_TO_32_BIT_CONVERSION = YES;
				GCC_WARN_ABOUT_RETURN_TYPE = YES_ERROR;
				GCC_WARN_UNDECLARED_SELECTOR = YES;
				GCC_WARN_UNINITIALIZED_AUTOS = YES_AGGRESSIVE;
				GCC_WARN_UNUSED_FUNCTION = YES;
				GCC_WARN_UNUSED_VARIABLE = YES;
				IPHONEOS_DEPLOYMENT_TARGET = 14.4;
				MTL_ENABLE_DEBUG_INFO = INCLUDE_SOURCE;
				MTL_FAST_MATH = YES;
				ONLY_ACTIVE_ARCH = YES;
				SDKROOT = iphoneos;
				SWIFT_ACTIVE_COMPILATION_CONDITIONS = DEBUG;
				SWIFT_OPTIMIZATION_LEVEL = "-Onone";
			};
			name = Debug;
		};
		2760071D265D74F9007E6413 /* Release */ = {
			isa = XCBuildConfiguration;
			buildSettings = {
				ALWAYS_SEARCH_USER_PATHS = NO;
				CLANG_ANALYZER_NONNULL = YES;
				CLANG_ANALYZER_NUMBER_OBJECT_CONVERSION = YES_AGGRESSIVE;
				CLANG_CXX_LANGUAGE_STANDARD = "gnu++14";
				CLANG_CXX_LIBRARY = "libc++";
				CLANG_ENABLE_MODULES = YES;
				CLANG_ENABLE_OBJC_ARC = YES;
				CLANG_ENABLE_OBJC_WEAK = YES;
				CLANG_WARN_BLOCK_CAPTURE_AUTORELEASING = YES;
				CLANG_WARN_BOOL_CONVERSION = YES;
				CLANG_WARN_COMMA = YES;
				CLANG_WARN_CONSTANT_CONVERSION = YES;
				CLANG_WARN_DEPRECATED_OBJC_IMPLEMENTATIONS = YES;
				CLANG_WARN_DIRECT_OBJC_ISA_USAGE = YES_ERROR;
				CLANG_WARN_DOCUMENTATION_COMMENTS = YES;
				CLANG_WARN_EMPTY_BODY = YES;
				CLANG_WARN_ENUM_CONVERSION = YES;
				CLANG_WARN_INFINITE_RECURSION = YES;
				CLANG_WARN_INT_CONVERSION = YES;
				CLANG_WARN_NON_LITERAL_NULL_CONVERSION = YES;
				CLANG_WARN_OBJC_IMPLICIT_RETAIN_SELF = YES;
				CLANG_WARN_OBJC_LITERAL_CONVERSION = YES;
				CLANG_WARN_OBJC_ROOT_CLASS = YES_ERROR;
				CLANG_WARN_QUOTED_INCLUDE_IN_FRAMEWORK_HEADER = YES;
				CLANG_WARN_RANGE_LOOP_ANALYSIS = YES;
				CLANG_WARN_STRICT_PROTOTYPES = YES;
				CLANG_WARN_SUSPICIOUS_MOVE = YES;
				CLANG_WARN_UNGUARDED_AVAILABILITY = YES_AGGRESSIVE;
				CLANG_WARN_UNREACHABLE_CODE = YES;
				CLANG_WARN__DUPLICATE_METHOD_MATCH = YES;
				COPY_PHASE_STRIP = NO;
				DEBUG_INFORMATION_FORMAT = "dwarf-with-dsym";
				ENABLE_NS_ASSERTIONS = NO;
				ENABLE_STRICT_OBJC_MSGSEND = YES;
				GCC_C_LANGUAGE_STANDARD = gnu11;
				GCC_NO_COMMON_BLOCKS = YES;
				GCC_WARN_64_TO_32_BIT_CONVERSION = YES;
				GCC_WARN_ABOUT_RETURN_TYPE = YES_ERROR;
				GCC_WARN_UNDECLARED_SELECTOR = YES;
				GCC_WARN_UNINITIALIZED_AUTOS = YES_AGGRESSIVE;
				GCC_WARN_UNUSED_FUNCTION = YES;
				GCC_WARN_UNUSED_VARIABLE = YES;
				IPHONEOS_DEPLOYMENT_TARGET = 14.4;
				MTL_ENABLE_DEBUG_INFO = NO;
				MTL_FAST_MATH = YES;
				SDKROOT = iphoneos;
				SWIFT_COMPILATION_MODE = wholemodule;
				SWIFT_OPTIMIZATION_LEVEL = "-O";
				VALIDATE_PRODUCT = YES;
			};
			name = Release;
		};
		2760071F265D74F9007E6413 /* Debug */ = {
			isa = XCBuildConfiguration;
			buildSettings = {
				ASSETCATALOG_COMPILER_APPICON_NAME = AppIcon;
				ASSETCATALOG_COMPILER_GLOBAL_ACCENT_COLOR_NAME = AccentColor;
				CODE_SIGN_STYLE = Automatic;
				DEVELOPMENT_ASSET_PATHS = "\"SimpleCards/Preview Content\"";
				DEVELOPMENT_TEAM = KPPGXZ3Y59;
				ENABLE_PREVIEWS = YES;
				INFOPLIST_FILE = SimpleCards/Info.plist;
				IPHONEOS_DEPLOYMENT_TARGET = 14.0;
				LD_RUNPATH_SEARCH_PATHS = (
					"$(inherited)",
					"@executable_path/Frameworks",
				);
				PRODUCT_BUNDLE_IDENTIFIER = com.layunta.SimpleCards;
				PRODUCT_NAME = "$(TARGET_NAME)";
				SWIFT_VERSION = 5.0;
				TARGETED_DEVICE_FAMILY = "1,2";
			};
			name = Debug;
		};
		27600720265D74F9007E6413 /* Release */ = {
			isa = XCBuildConfiguration;
			buildSettings = {
				ASSETCATALOG_COMPILER_APPICON_NAME = AppIcon;
				ASSETCATALOG_COMPILER_GLOBAL_ACCENT_COLOR_NAME = AccentColor;
				CODE_SIGN_STYLE = Automatic;
				DEVELOPMENT_ASSET_PATHS = "\"SimpleCards/Preview Content\"";
				DEVELOPMENT_TEAM = KPPGXZ3Y59;
				ENABLE_PREVIEWS = YES;
				INFOPLIST_FILE = SimpleCards/Info.plist;
				IPHONEOS_DEPLOYMENT_TARGET = 14.0;
				LD_RUNPATH_SEARCH_PATHS = (
					"$(inherited)",
					"@executable_path/Frameworks",
				);
				PRODUCT_BUNDLE_IDENTIFIER = com.layunta.SimpleCards;
				PRODUCT_NAME = "$(TARGET_NAME)";
				SWIFT_VERSION = 5.0;
				TARGETED_DEVICE_FAMILY = "1,2";
			};
			name = Release;
		};
		27600753265D98E6007E6413 /* Debug */ = {
			isa = XCBuildConfiguration;
			buildSettings = {
				ASSETCATALOG_COMPILER_APPICON_NAME = "iMessage App Icon";
				CODE_SIGN_STYLE = Automatic;
				DEVELOPMENT_TEAM = KPPGXZ3Y59;
				INFOPLIST_FILE = stickers/Info.plist;
				IPHONEOS_DEPLOYMENT_TARGET = 10.0;
				PRODUCT_BUNDLE_IDENTIFIER = com.layunta.SimpleCards.stickers;
				PRODUCT_NAME = "$(TARGET_NAME)";
				SKIP_INSTALL = YES;
				TARGETED_DEVICE_FAMILY = "1,2";
			};
			name = Debug;
		};
		27600754265D98E6007E6413 /* Release */ = {
			isa = XCBuildConfiguration;
			buildSettings = {
				ASSETCATALOG_COMPILER_APPICON_NAME = "iMessage App Icon";
				CODE_SIGN_STYLE = Automatic;
				DEVELOPMENT_TEAM = KPPGXZ3Y59;
				INFOPLIST_FILE = stickers/Info.plist;
				IPHONEOS_DEPLOYMENT_TARGET = 10.0;
				PRODUCT_BUNDLE_IDENTIFIER = com.layunta.SimpleCards.stickers;
				PRODUCT_NAME = "$(TARGET_NAME)";
				SKIP_INSTALL = YES;
				TARGETED_DEVICE_FAMILY = "1,2";
			};
			name = Release;
		};
/* End XCBuildConfiguration section */

/* Begin XCConfigurationList section */
		2760070A265D74F6007E6413 /* Build configuration list for PBXProject "SimpleCards" */ = {
			isa = XCConfigurationList;
			buildConfigurations = (
				2760071C265D74F9007E6413 /* Debug */,
				2760071D265D74F9007E6413 /* Release */,
			);
			defaultConfigurationIsVisible = 0;
			defaultConfigurationName = Release;
		};
		2760071E265D74F9007E6413 /* Build configuration list for PBXNativeTarget "SimpleCards" */ = {
			isa = XCConfigurationList;
			buildConfigurations = (
				2760071F265D74F9007E6413 /* Debug */,
				27600720265D74F9007E6413 /* Release */,
			);
			defaultConfigurationIsVisible = 0;
			defaultConfigurationName = Release;
		};
		27600752265D98E6007E6413 /* Build configuration list for PBXNativeTarget "stickers" */ = {
			isa = XCConfigurationList;
			buildConfigurations = (
				27600753265D98E6007E6413 /* Debug */,
				27600754265D98E6007E6413 /* Release */,
			);
			defaultConfigurationIsVisible = 0;
			defaultConfigurationName = Release;
		};
/* End XCConfigurationList section */
	};
	rootObject = 27600707265D74F6007E6413 /* Project object */;
}
